
Microsoft Visual Studio Solution File, Format Version 12.00
# Visual Studio Version 17
VisualStudioVersion = 17.4.33205.214
MinimumVisualStudioVersion = 10.0.40219.1
Project("{FAE04EC0-301F-11D3-BF4B-00C04F79EFBC}") = "ConsoleApp3_17.03.2025", "ConsoleApp3_17.03.2025\ConsoleApp3_17.03.2025.csproj", "{D3CECE1D-E01A-4CAB-8891-EE5CA2FC8FC1}"
EndProject
Global
	GlobalSection(SolutionConfigurationPlatforms) = preSolution
		Debug|Any CPU = Debug|Any CPU
		Release|Any CPU = Release|Any CPU
	EndGlobalSection
	GlobalSection(ProjectConfigurationPlatforms) = postSolution
		{D3CECE1D-E01A-4CAB-8891-EE5CA2FC8FC1}.Debug|Any CPU.ActiveCfg = Debug|Any CPU
		{D3CECE1D-E01A-4CAB-8891-EE5CA2FC8FC1}.Debug|Any CPU.Build.0 = Debug|Any CPU
		{D3CECE1D-E01A-4CAB-8891-EE5CA2FC8FC1}.Release|Any CPU.ActiveCfg = Release|Any CPU
		{D3CECE1D-E01A-4CAB-8891-EE5CA2FC8FC1}.Release|Any CPU.Build.0 = Release|Any CPU
	EndGlobalSection
	GlobalSection(SolutionProperties) = preSolution
		HideSolutionNode = FALSE
	EndGlobalSection
	GlobalSection(ExtensibilityGlobals) = postSolution
		SolutionGuid = {B271BDA0-A755-487B-B9F4-4C1EE2555174}
	EndGlobalSection
EndGlobal
