
Microsoft Visual Studio Solution File, Format Version 12.00
# Visual Studio Version 17
VisualStudioVersion = 17.13.35931.197 d17.13
MinimumVisualStudioVersion = 10.0.40219.1
Project("{FAE04EC0-301F-11D3-BF4B-00C04F79EFBC}") = "WinFormsApp1_Client_Num3", "WinFormsApp1_Client_Num3\WinFormsApp1_Client_Num3.csproj", "{B40CFA5C-55C1-49BB-A97A-579BBB10AD8E}"
EndProject
Global
	GlobalSection(SolutionConfigurationPlatforms) = preSolution
		Debug|Any CPU = Debug|Any CPU
		Release|Any CPU = Release|Any CPU
	EndGlobalSection
	GlobalSection(ProjectConfigurationPlatforms) = postSolution
		{B40CFA5C-55C1-49BB-A97A-579BBB10AD8E}.Debug|Any CPU.ActiveCfg = Debug|Any CPU
		{B40CFA5C-55C1-49BB-A97A-579BBB10AD8E}.Debug|Any CPU.Build.0 = Debug|Any CPU
		{B40CFA5C-55C1-49BB-A97A-579BBB10AD8E}.Release|Any CPU.ActiveCfg = Release|Any CPU
		{B40CFA5C-55C1-49BB-A97A-579BBB10AD8E}.Release|Any CPU.Build.0 = Release|Any CPU
	EndGlobalSection
	GlobalSection(SolutionProperties) = preSolution
		HideSolutionNode = FALSE
	EndGlobalSection
	GlobalSection(ExtensibilityGlobals) = postSolution
		SolutionGuid = {6146208A-E1A9-4ED4-993A-4FA37DA9DB95}
	EndGlobalSection
EndGlobal
